// !$*UTF8*$!
{
	archiveVersion = 1;
	classes = {
	};
	objectVersion = 56;
	objects = {

/* Begin PBXBuildFile section */
		116E67482B44B04500EFE496 /* Creator.swift in Sources */ = {isa = PBXBuildFile; fileRef = 116E67472B44B04500EFE496 /* Creator.swift */; };
		118677D32B5D6E5E007D49F4 /* DataStore.swift in Sources */ = {isa = PBXBuildFile; fileRef = 118677D22B5D6E5E007D49F4 /* DataStore.swift */; };
		118677D52B5D6E90007D49F4 /* Developer.swift in Sources */ = {isa = PBXBuildFile; fileRef = 118677D42B5D6E90007D49F4 /* Developer.swift */; };
		118677D72B5D6E9A007D49F4 /* Team.swift in Sources */ = {isa = PBXBuildFile; fileRef = 118677D62B5D6E9A007D49F4 /* Team.swift */; };
		118DD2012B5BDFEC00C3B843 /* AboutUsSB.storyboard in Resources */ = {isa = PBXBuildFile; fileRef = 118DD2002B5BDFEC00C3B843 /* AboutUsSB.storyboard */; };
		11E0E5162B36D797003C5EB2 /* AppDelegate.swift in Sources */ = {isa = PBXBuildFile; fileRef = 11E0E5152B36D797003C5EB2 /* AppDelegate.swift */; };
		11E0E5182B36D797003C5EB2 /* SceneDelegate.swift in Sources */ = {isa = PBXBuildFile; fileRef = 11E0E5172B36D797003C5EB2 /* SceneDelegate.swift */; };
		11E0E51A2B36D797003C5EB2 /* LoginViewController.swift in Sources */ = {isa = PBXBuildFile; fileRef = 11E0E5192B36D797003C5EB2 /* LoginViewController.swift */; };
		11E0E51D2B36D797003C5EB2 /* Main.storyboard in Resources */ = {isa = PBXBuildFile; fileRef = 11E0E51B2B36D797003C5EB2 /* Main.storyboard */; };
		11E0E51F2B36D798003C5EB2 /* Assets.xcassets in Resources */ = {isa = PBXBuildFile; fileRef = 11E0E51E2B36D798003C5EB2 /* Assets.xcassets */; };
		11E0E5222B36D798003C5EB2 /* LaunchScreen.storyboard in Resources */ = {isa = PBXBuildFile; fileRef = 11E0E5202B36D798003C5EB2 /* LaunchScreen.storyboard */; };
		1D44F4352B5DCCDA00F9D4EA /* SelectionMenu.storyboard in Resources */ = {isa = PBXBuildFile; fileRef = 1D44F4342B5DCCDA00F9D4EA /* SelectionMenu.storyboard */; };
		1D44F4392B5DCCFB00F9D4EA /* SelectionMenuViewController.swift in Sources */ = {isa = PBXBuildFile; fileRef = 1D44F4382B5DCCFB00F9D4EA /* SelectionMenuViewController.swift */; };
		1D44F4612B5DE28100F9D4EA /* TeamListViewController.swift in Sources */ = {isa = PBXBuildFile; fileRef = 1D44F4602B5DE28100F9D4EA /* TeamListViewController.swift */; };
		1D44F4632B5DE3E300F9D4EA /* TeamCreationViewController.swift in Sources */ = {isa = PBXBuildFile; fileRef = 1D44F4622B5DE3E300F9D4EA /* TeamCreationViewController.swift */; };
		1D44F4652B5DE46B00F9D4EA /* AboutMe.storyboard in Resources */ = {isa = PBXBuildFile; fileRef = 1D44F4642B5DE46B00F9D4EA /* AboutMe.storyboard */; };
		1D44F4672B5DE47E00F9D4EA /* AboutMeViewController.swift in Sources */ = {isa = PBXBuildFile; fileRef = 1D44F4662B5DE47E00F9D4EA /* AboutMeViewController.swift */; };
		1DEDD76C2B5E6DB4004140A8 /* TeamViewController.swift in Sources */ = {isa = PBXBuildFile; fileRef = 1DEDD76B2B5E6DB4004140A8 /* TeamViewController.swift */; };
/* End PBXBuildFile section */

/* Begin PBXFileReference section */
		116E67472B44B04500EFE496 /* Creator.swift */ = {isa = PBXFileReference; lastKnownFileType = sourcecode.swift; path = Creator.swift; sourceTree = "<group>"; };
		118677D22B5D6E5E007D49F4 /* DataStore.swift */ = {isa = PBXFileReference; lastKnownFileType = sourcecode.swift; path = DataStore.swift; sourceTree = "<group>"; };
		118677D42B5D6E90007D49F4 /* Developer.swift */ = {isa = PBXFileReference; lastKnownFileType = sourcecode.swift; path = Developer.swift; sourceTree = "<group>"; };
		118677D62B5D6E9A007D49F4 /* Team.swift */ = {isa = PBXFileReference; lastKnownFileType = sourcecode.swift; path = Team.swift; sourceTree = "<group>"; };
		118DD2002B5BDFEC00C3B843 /* AboutUsSB.storyboard */ = {isa = PBXFileReference; lastKnownFileType = file.storyboard; path = AboutUsSB.storyboard; sourceTree = "<group>"; };
		11E0E5122B36D797003C5EB2 /* JoinYouTeam.app */ = {isa = PBXFileReference; explicitFileType = wrapper.application; includeInIndex = 0; path = JoinYouTeam.app; sourceTree = BUILT_PRODUCTS_DIR; };
		11E0E5152B36D797003C5EB2 /* AppDelegate.swift */ = {isa = PBXFileReference; lastKnownFileType = sourcecode.swift; path = AppDelegate.swift; sourceTree = "<group>"; };
		11E0E5172B36D797003C5EB2 /* SceneDelegate.swift */ = {isa = PBXFileReference; lastKnownFileType = sourcecode.swift; path = SceneDelegate.swift; sourceTree = "<group>"; };
		11E0E5192B36D797003C5EB2 /* LoginViewController.swift */ = {isa = PBXFileReference; lastKnownFileType = sourcecode.swift; path = LoginViewController.swift; sourceTree = "<group>"; };
		11E0E51C2B36D797003C5EB2 /* Base */ = {isa = PBXFileReference; lastKnownFileType = file.storyboard; name = Base; path = Base.lproj/Main.storyboard; sourceTree = "<group>"; };
		11E0E51E2B36D798003C5EB2 /* Assets.xcassets */ = {isa = PBXFileReference; lastKnownFileType = folder.assetcatalog; path = Assets.xcassets; sourceTree = "<group>"; };
		11E0E5212B36D798003C5EB2 /* Base */ = {isa = PBXFileReference; lastKnownFileType = file.storyboard; name = Base; path = Base.lproj/LaunchScreen.storyboard; sourceTree = "<group>"; };
		11E0E5232B36D798003C5EB2 /* Info.plist */ = {isa = PBXFileReference; lastKnownFileType = text.plist.xml; path = Info.plist; sourceTree = "<group>"; };
		1D44F4342B5DCCDA00F9D4EA /* SelectionMenu.storyboard */ = {isa = PBXFileReference; lastKnownFileType = file.storyboard; path = SelectionMenu.storyboard; sourceTree = "<group>"; };
		1D44F4382B5DCCFB00F9D4EA /* SelectionMenuViewController.swift */ = {isa = PBXFileReference; lastKnownFileType = sourcecode.swift; path = SelectionMenuViewController.swift; sourceTree = "<group>"; };
		1D44F4602B5DE28100F9D4EA /* TeamListViewController.swift */ = {isa = PBXFileReference; lastKnownFileType = sourcecode.swift; path = TeamListViewController.swift; sourceTree = "<group>"; };
		1D44F4622B5DE3E300F9D4EA /* TeamCreationViewController.swift */ = {isa = PBXFileReference; lastKnownFileType = sourcecode.swift; path = TeamCreationViewController.swift; sourceTree = "<group>"; };
		1D44F4642B5DE46B00F9D4EA /* AboutMe.storyboard */ = {isa = PBXFileReference; lastKnownFileType = file.storyboard; path = AboutMe.storyboard; sourceTree = "<group>"; };
		1D44F4662B5DE47E00F9D4EA /* AboutMeViewController.swift */ = {isa = PBXFileReference; lastKnownFileType = sourcecode.swift; path = AboutMeViewController.swift; sourceTree = "<group>"; };
		1DEDD76B2B5E6DB4004140A8 /* TeamViewController.swift */ = {isa = PBXFileReference; lastKnownFileType = sourcecode.swift; path = TeamViewController.swift; sourceTree = "<group>"; };
/* End PBXFileReference section */

/* Begin PBXFrameworksBuildPhase section */
		11E0E50F2B36D797003C5EB2 /* Frameworks */ = {
			isa = PBXFrameworksBuildPhase;
			buildActionMask = 2147483647;
			files = (
			);
			runOnlyForDeploymentPostprocessing = 0;
		};
/* End PBXFrameworksBuildPhase section */

/* Begin PBXGroup section */
		116E67492B44B05200EFE496 /* Models */ = {
			isa = PBXGroup;
			children = (
				116E67472B44B04500EFE496 /* Creator.swift */,
				118677D22B5D6E5E007D49F4 /* DataStore.swift */,
				118677D42B5D6E90007D49F4 /* Developer.swift */,
				118677D62B5D6E9A007D49F4 /* Team.swift */,
			);
			path = Models;
			sourceTree = "<group>";
		};
		11E0E5092B36D797003C5EB2 = {
			isa = PBXGroup;
			children = (
				11E0E5142B36D797003C5EB2 /* JoinYouTeam */,
				11E0E5132B36D797003C5EB2 /* Products */,
			);
			sourceTree = "<group>";
		};
		11E0E5132B36D797003C5EB2 /* Products */ = {
			isa = PBXGroup;
			children = (
				11E0E5122B36D797003C5EB2 /* JoinYouTeam.app */,
			);
			name = Products;
			sourceTree = "<group>";
		};
		11E0E5142B36D797003C5EB2 /* JoinYouTeam */ = {
			isa = PBXGroup;
			children = (
				11E0E52A2B36D8F7003C5EB2 /* ViewControllers */,
				11E0E52B2B36D909003C5EB2 /* Storyboards */,
				116E67492B44B05200EFE496 /* Models */,
				11E0E5292B36D8EC003C5EB2 /* App */,
				11E0E51E2B36D798003C5EB2 /* Assets.xcassets */,
			);
			path = JoinYouTeam;
			sourceTree = "<group>";
		};
		11E0E5292B36D8EC003C5EB2 /* App */ = {
			isa = PBXGroup;
			children = (
				11E0E5152B36D797003C5EB2 /* AppDelegate.swift */,
				11E0E5172B36D797003C5EB2 /* SceneDelegate.swift */,
				11E0E5232B36D798003C5EB2 /* Info.plist */,
			);
			path = App;
			sourceTree = "<group>";
		};
		11E0E52A2B36D8F7003C5EB2 /* ViewControllers */ = {
			isa = PBXGroup;
			children = (
				11E0E5192B36D797003C5EB2 /* LoginViewController.swift */,
				1D44F4382B5DCCFB00F9D4EA /* SelectionMenuViewController.swift */,
				1D44F4602B5DE28100F9D4EA /* TeamListViewController.swift */,
				1D44F4622B5DE3E300F9D4EA /* TeamCreationViewController.swift */,
				1D44F4662B5DE47E00F9D4EA /* AboutMeViewController.swift */,
				1DEDD76B2B5E6DB4004140A8 /* TeamViewController.swift */,
			);
			path = ViewControllers;
			sourceTree = "<group>";
		};
		11E0E52B2B36D909003C5EB2 /* Storyboards */ = {
			isa = PBXGroup;
			children = (
				11E0E51B2B36D797003C5EB2 /* Main.storyboard */,
				118DD2002B5BDFEC00C3B843 /* AboutUsSB.storyboard */,
				11E0E5202B36D798003C5EB2 /* LaunchScreen.storyboard */,
				1D44F4342B5DCCDA00F9D4EA /* SelectionMenu.storyboard */,
				1D44F4642B5DE46B00F9D4EA /* AboutMe.storyboard */,
			);
			path = Storyboards;
			sourceTree = "<group>";
		};
/* End PBXGroup section */

/* Begin PBXNativeTarget section */
		11E0E5112B36D797003C5EB2 /* JoinYouTeam */ = {
			isa = PBXNativeTarget;
			buildConfigurationList = 11E0E5262B36D798003C5EB2 /* Build configuration list for PBXNativeTarget "JoinYouTeam" */;
			buildPhases = (
				11E0E50E2B36D797003C5EB2 /* Sources */,
				11E0E50F2B36D797003C5EB2 /* Frameworks */,
				11E0E5102B36D797003C5EB2 /* Resources */,
			);
			buildRules = (
			);
			dependencies = (
			);
			name = JoinYouTeam;
			productName = JoinYouTeam;
			productReference = 11E0E5122B36D797003C5EB2 /* JoinYouTeam.app */;
			productType = "com.apple.product-type.application";
		};
/* End PBXNativeTarget section */

/* Begin PBXProject section */
		11E0E50A2B36D797003C5EB2 /* Project object */ = {
			isa = PBXProject;
			attributes = {
				BuildIndependentTargetsInParallel = 1;
				LastSwiftUpdateCheck = 1510;
				LastUpgradeCheck = 1510;
				TargetAttributes = {
					11E0E5112B36D797003C5EB2 = {
						CreatedOnToolsVersion = 15.1;
					};
				};
			};
			buildConfigurationList = 11E0E50D2B36D797003C5EB2 /* Build configuration list for PBXProject "JoinYouTeam" */;
			compatibilityVersion = "Xcode 14.0";
			developmentRegion = en;
			hasScannedForEncodings = 0;
			knownRegions = (
				en,
				Base,
			);
			mainGroup = 11E0E5092B36D797003C5EB2;
			productRefGroup = 11E0E5132B36D797003C5EB2 /* Products */;
			projectDirPath = "";
			projectRoot = "";
			targets = (
				11E0E5112B36D797003C5EB2 /* JoinYouTeam */,
			);
		};
/* End PBXProject section */

/* Begin PBXResourcesBuildPhase section */
		11E0E5102B36D797003C5EB2 /* Resources */ = {
			isa = PBXResourcesBuildPhase;
			buildActionMask = 2147483647;
			files = (
				11E0E5222B36D798003C5EB2 /* LaunchScreen.storyboard in Resources */,
				1D44F4352B5DCCDA00F9D4EA /* SelectionMenu.storyboard in Resources */,
				1D44F4652B5DE46B00F9D4EA /* AboutMe.storyboard in Resources */,
				11E0E51F2B36D798003C5EB2 /* Assets.xcassets in Resources */,
				11E0E51D2B36D797003C5EB2 /* Main.storyboard in Resources */,
				118DD2012B5BDFEC00C3B843 /* AboutUsSB.storyboard in Resources */,
			);
			runOnlyForDeploymentPostprocessing = 0;
		};
/* End PBXResourcesBuildPhase section */

/* Begin PBXSourcesBuildPhase section */
		11E0E50E2B36D797003C5EB2 /* Sources */ = {
			isa = PBXSourcesBuildPhase;
			buildActionMask = 2147483647;
			files = (
				118677D52B5D6E90007D49F4 /* Developer.swift in Sources */,
				1DEDD76C2B5E6DB4004140A8 /* TeamViewController.swift in Sources */,
				116E67482B44B04500EFE496 /* Creator.swift in Sources */,
				1D44F4392B5DCCFB00F9D4EA /* SelectionMenuViewController.swift in Sources */,
				118677D72B5D6E9A007D49F4 /* Team.swift in Sources */,
				11E0E51A2B36D797003C5EB2 /* LoginViewController.swift in Sources */,
				1D44F4612B5DE28100F9D4EA /* TeamListViewController.swift in Sources */,
				11E0E5162B36D797003C5EB2 /* AppDelegate.swift in Sources */,
				118677D32B5D6E5E007D49F4 /* DataStore.swift in Sources */,
				1D44F4672B5DE47E00F9D4EA /* AboutMeViewController.swift in Sources */,
				1D44F4632B5DE3E300F9D4EA /* TeamCreationViewController.swift in Sources */,
				11E0E5182B36D797003C5EB2 /* SceneDelegate.swift in Sources */,
			);
			runOnlyForDeploymentPostprocessing = 0;
		};
/* End PBXSourcesBuildPhase section */

/* Begin PBXVariantGroup section */
		11E0E51B2B36D797003C5EB2 /* Main.storyboard */ = {
			isa = PBXVariantGroup;
			children = (
				11E0E51C2B36D797003C5EB2 /* Base */,
			);
			name = Main.storyboard;
			sourceTree = "<group>";
		};
		11E0E5202B36D798003C5EB2 /* LaunchScreen.storyboard */ = {
			isa = PBXVariantGroup;
			children = (
				11E0E5212B36D798003C5EB2 /* Base */,
			);
			name = LaunchScreen.storyboard;
			sourceTree = "<group>";
		};
/* End PBXVariantGroup section */

/* Begin XCBuildConfiguration section */
		11E0E5242B36D798003C5EB2 /* Debug */ = {
			isa = XCBuildConfiguration;
			buildSettings = {
				ALWAYS_SEARCH_USER_PATHS = NO;
				ASSETCATALOG_COMPILER_GENERATE_SWIFT_ASSET_SYMBOL_EXTENSIONS = YES;
				CLANG_ANALYZER_NONNULL = YES;
				CLANG_ANALYZER_NUMBER_OBJECT_CONVERSION = YES_AGGRESSIVE;
				CLANG_CXX_LANGUAGE_STANDARD = "gnu++20";
				CLANG_ENABLE_MODULES = YES;
				CLANG_ENABLE_OBJC_ARC = YES;
				CLANG_ENABLE_OBJC_WEAK = YES;
				CLANG_WARN_BLOCK_CAPTURE_AUTORELEASING = YES;
				CLANG_WARN_BOOL_CONVERSION = YES;
				CLANG_WARN_COMMA = YES;
				CLANG_WARN_CONSTANT_CONVERSION = YES;
				CLANG_WARN_DEPRECATED_OBJC_IMPLEMENTATIONS = YES;
				CLANG_WARN_DIRECT_OBJC_ISA_USAGE = YES_ERROR;
				CLANG_WARN_DOCUMENTATION_COMMENTS = YES;
				CLANG_WARN_EMPTY_BODY = YES;
				CLANG_WARN_ENUM_CONVERSION = YES;
				CLANG_WARN_INFINITE_RECURSION = YES;
				CLANG_WARN_INT_CONVERSION = YES;
				CLANG_WARN_NON_LITERAL_NULL_CONVERSION = YES;
				CLANG_WARN_OBJC_IMPLICIT_RETAIN_SELF = YES;
				CLANG_WARN_OBJC_LITERAL_CONVERSION = YES;
				CLANG_WARN_OBJC_ROOT_CLASS = YES_ERROR;
				CLANG_WARN_QUOTED_INCLUDE_IN_FRAMEWORK_HEADER = YES;
				CLANG_WARN_RANGE_LOOP_ANALYSIS = YES;
				CLANG_WARN_STRICT_PROTOTYPES = YES;
				CLANG_WARN_SUSPICIOUS_MOVE = YES;
				CLANG_WARN_UNGUARDED_AVAILABILITY = YES_AGGRESSIVE;
				CLANG_WARN_UNREACHABLE_CODE = YES;
				CLANG_WARN__DUPLICATE_METHOD_MATCH = YES;
				COPY_PHASE_STRIP = NO;
				DEBUG_INFORMATION_FORMAT = dwarf;
				ENABLE_STRICT_OBJC_MSGSEND = YES;
				ENABLE_TESTABILITY = YES;
				ENABLE_USER_SCRIPT_SANDBOXING = YES;
				GCC_C_LANGUAGE_STANDARD = gnu17;
				GCC_DYNAMIC_NO_PIC = NO;
				GCC_NO_COMMON_BLOCKS = YES;
				GCC_OPTIMIZATION_LEVEL = 0;
				GCC_PREPROCESSOR_DEFINITIONS = (
					"DEBUG=1",
					"$(inherited)",
				);
				GCC_WARN_64_TO_32_BIT_CONVERSION = YES;
				GCC_WARN_ABOUT_RETURN_TYPE = YES_ERROR;
				GCC_WARN_UNDECLARED_SELECTOR = YES;
				GCC_WARN_UNINITIALIZED_AUTOS = YES_AGGRESSIVE;
				GCC_WARN_UNUSED_FUNCTION = YES;
				GCC_WARN_UNUSED_VARIABLE = YES;
				IPHONEOS_DEPLOYMENT_TARGET = 17.2;
				LOCALIZATION_PREFERS_STRING_CATALOGS = YES;
				MTL_ENABLE_DEBUG_INFO = INCLUDE_SOURCE;
				MTL_FAST_MATH = YES;
				ONLY_ACTIVE_ARCH = YES;
				SDKROOT = iphoneos;
				SWIFT_ACTIVE_COMPILATION_CONDITIONS = "DEBUG $(inherited)";
				SWIFT_OPTIMIZATION_LEVEL = "-Onone";
			};
			name = Debug;
		};
		11E0E5252B36D798003C5EB2 /* Release */ = {
			isa = XCBuildConfiguration;
			buildSettings = {
				ALWAYS_SEARCH_USER_PATHS = NO;
				ASSETCATALOG_COMPILER_GENERATE_SWIFT_ASSET_SYMBOL_EXTENSIONS = YES;
				CLANG_ANALYZER_NONNULL = YES;
				CLANG_ANALYZER_NUMBER_OBJECT_CONVERSION = YES_AGGRESSIVE;
				CLANG_CXX_LANGUAGE_STANDARD = "gnu++20";
				CLANG_ENABLE_MODULES = YES;
				CLANG_ENABLE_OBJC_ARC = YES;
				CLANG_ENABLE_OBJC_WEAK = YES;
				CLANG_WARN_BLOCK_CAPTURE_AUTORELEASING = YES;
				CLANG_WARN_BOOL_CONVERSION = YES;
				CLANG_WARN_COMMA = YES;
				CLANG_WARN_CONSTANT_CONVERSION = YES;
				CLANG_WARN_DEPRECATED_OBJC_IMPLEMENTATIONS = YES;
				CLANG_WARN_DIRECT_OBJC_ISA_USAGE = YES_ERROR;
				CLANG_WARN_DOCUMENTATION_COMMENTS = YES;
				CLANG_WARN_EMPTY_BODY = YES;
				CLANG_WARN_ENUM_CONVERSION = YES;
				CLANG_WARN_INFINITE_RECURSION = YES;
				CLANG_WARN_INT_CONVERSION = YES;
				CLANG_WARN_NON_LITERAL_NULL_CONVERSION = YES;
				CLANG_WARN_OBJC_IMPLICIT_RETAIN_SELF = YES;
				CLANG_WARN_OBJC_LITERAL_CONVERSION = YES;
				CLANG_WARN_OBJC_ROOT_CLASS = YES_ERROR;
				CLANG_WARN_QUOTED_INCLUDE_IN_FRAMEWORK_HEADER = YES;
				CLANG_WARN_RANGE_LOOP_ANALYSIS = YES;
				CLANG_WARN_STRICT_PROTOTYPES = YES;
				CLANG_WARN_SUSPICIOUS_MOVE = YES;
				CLANG_WARN_UNGUARDED_AVAILABILITY = YES_AGGRESSIVE;
				CLANG_WARN_UNREACHABLE_CODE = YES;
				CLANG_WARN__DUPLICATE_METHOD_MATCH = YES;
				COPY_PHASE_STRIP = NO;
				DEBUG_INFORMATION_FORMAT = "dwarf-with-dsym";
				ENABLE_NS_ASSERTIONS = NO;
				ENABLE_STRICT_OBJC_MSGSEND = YES;
				ENABLE_USER_SCRIPT_SANDBOXING = YES;
				GCC_C_LANGUAGE_STANDARD = gnu17;
				GCC_NO_COMMON_BLOCKS = YES;
				GCC_WARN_64_TO_32_BIT_CONVERSION = YES;
				GCC_WARN_ABOUT_RETURN_TYPE = YES_ERROR;
				GCC_WARN_UNDECLARED_SELECTOR = YES;
				GCC_WARN_UNINITIALIZED_AUTOS = YES_AGGRESSIVE;
				GCC_WARN_UNUSED_FUNCTION = YES;
				GCC_WARN_UNUSED_VARIABLE = YES;
				IPHONEOS_DEPLOYMENT_TARGET = 17.2;
				LOCALIZATION_PREFERS_STRING_CATALOGS = YES;
				MTL_ENABLE_DEBUG_INFO = NO;
				MTL_FAST_MATH = YES;
				SDKROOT = iphoneos;
				SWIFT_COMPILATION_MODE = wholemodule;
				VALIDATE_PRODUCT = YES;
			};
			name = Release;
		};
		11E0E5272B36D798003C5EB2 /* Debug */ = {
			isa = XCBuildConfiguration;
			buildSettings = {
				ASSETCATALOG_COMPILER_APPICON_NAME = AppIcon;
				ASSETCATALOG_COMPILER_GLOBAL_ACCENT_COLOR_NAME = AccentColor;
				CODE_SIGN_STYLE = Automatic;
				CURRENT_PROJECT_VERSION = 1;
				GENERATE_INFOPLIST_FILE = YES;
				INFOPLIST_FILE = JoinYouTeam/App/Info.plist;
				INFOPLIST_KEY_UIApplicationSupportsIndirectInputEvents = YES;
				INFOPLIST_KEY_UILaunchStoryboardName = LaunchScreen;
				INFOPLIST_KEY_UIMainStoryboardFile = Main;
				INFOPLIST_KEY_UISupportedInterfaceOrientations = UIInterfaceOrientationPortrait;
				INFOPLIST_KEY_UISupportedInterfaceOrientations_iPad = "UIInterfaceOrientationLandscapeLeft UIInterfaceOrientationLandscapeRight UIInterfaceOrientationPortrait UIInterfaceOrientationPortraitUpsideDown";
				IPHONEOS_DEPLOYMENT_TARGET = 17.0;
				LD_RUNPATH_SEARCH_PATHS = (
					"$(inherited)",
					"@executable_path/Frameworks",
				);
				MARKETING_VERSION = 1.0;
				PRODUCT_BUNDLE_IDENTIFIER = swiftbook.2.39.joint.project.JoinYouTeam;
				PRODUCT_NAME = "$(TARGET_NAME)";
				SUPPORTED_PLATFORMS = "iphoneos iphonesimulator";
				SUPPORTS_MACCATALYST = NO;
				SUPPORTS_MAC_DESIGNED_FOR_IPHONE_IPAD = NO;
				SWIFT_EMIT_LOC_STRINGS = YES;
				SWIFT_VERSION = 5.0;
				TARGETED_DEVICE_FAMILY = 1;
			};
			name = Debug;
		};
		11E0E5282B36D798003C5EB2 /* Release */ = {
			isa = XCBuildConfiguration;
			buildSettings = {
				ASSETCATALOG_COMPILER_APPICON_NAME = AppIcon;
				ASSETCATALOG_COMPILER_GLOBAL_ACCENT_COLOR_NAME = AccentColor;
				CODE_SIGN_STYLE = Automatic;
				CURRENT_PROJECT_VERSION = 1;
				GENERATE_INFOPLIST_FILE = YES;
				INFOPLIST_FILE = JoinYouTeam/App/Info.plist;
				INFOPLIST_KEY_UIApplicationSupportsIndirectInputEvents = YES;
				INFOPLIST_KEY_UILaunchStoryboardName = LaunchScreen;
				INFOPLIST_KEY_UIMainStoryboardFile = Main;
				INFOPLIST_KEY_UISupportedInterfaceOrientations = UIInterfaceOrientationPortrait;
				INFOPLIST_KEY_UISupportedInterfaceOrientations_iPad = "UIInterfaceOrientationLandscapeLeft UIInterfaceOrientationLandscapeRight UIInterfaceOrientationPortrait UIInterfaceOrientationPortraitUpsideDown";
				IPHONEOS_DEPLOYMENT_TARGET = 17.0;
				LD_RUNPATH_SEARCH_PATHS = (
					"$(inherited)",
					"@executable_path/Frameworks",
				);
				MARKETING_VERSION = 1.0;
				PRODUCT_BUNDLE_IDENTIFIER = swiftbook.2.39.joint.project.JoinYouTeam;
				PRODUCT_NAME = "$(TARGET_NAME)";
				SUPPORTED_PLATFORMS = "iphoneos iphonesimulator";
				SUPPORTS_MACCATALYST = NO;
				SUPPORTS_MAC_DESIGNED_FOR_IPHONE_IPAD = NO;
				SWIFT_EMIT_LOC_STRINGS = YES;
				SWIFT_VERSION = 5.0;
				TARGETED_DEVICE_FAMILY = 1;
			};
			name = Release;
		};
/* End XCBuildConfiguration section */

/* Begin XCConfigurationList section */
		11E0E50D2B36D797003C5EB2 /* Build configuration list for PBXProject "JoinYouTeam" */ = {
			isa = XCConfigurationList;
			buildConfigurations = (
				11E0E5242B36D798003C5EB2 /* Debug */,
				11E0E5252B36D798003C5EB2 /* Release */,
			);
			defaultConfigurationIsVisible = 0;
			defaultConfigurationName = Release;
		};
		11E0E5262B36D798003C5EB2 /* Build configuration list for PBXNativeTarget "JoinYouTeam" */ = {
			isa = XCConfigurationList;
			buildConfigurations = (
				11E0E5272B36D798003C5EB2 /* Debug */,
				11E0E5282B36D798003C5EB2 /* Release */,
			);
			defaultConfigurationIsVisible = 0;
			defaultConfigurationName = Release;
		};
/* End XCConfigurationList section */
	};
	rootObject = 11E0E50A2B36D797003C5EB2 /* Project object */;
}
